// !$*UTF8*$!
{
	archiveVersion = 1;
	classes = {
	};
	objectVersion = 46;
	objects = {

/* Begin PBXBuildFile section */
		5C68652719F9A880001E3332 /* Skeets.framework in Frameworks */ = {isa = PBXBuildFile; fileRef = 5C68651C19F9A880001E3332 /* Skeets.framework */; };
		5C68653519F9A8ED001E3332 /* SkeetsTests.swift in Sources */ = {isa = PBXBuildFile; fileRef = 5CBDE7DC19D9EA12004A4172 /* SkeetsTests.swift */; };
		5C68653619F9A8F5001E3332 /* Cache.swift in Sources */ = {isa = PBXBuildFile; fileRef = 5CBDE7D719D9E9DB004A4172 /* Cache.swift */; };
		5C68653719F9A8F5001E3332 /* ImageManager.swift in Sources */ = {isa = PBXBuildFile; fileRef = 5CBDE7D819D9E9DB004A4172 /* ImageManager.swift */; };
		5C68653819F9A8FA001E3332 /* Skeets.h in Headers */ = {isa = PBXBuildFile; fileRef = 5CBDE7DF19D9EC26004A4172 /* Skeets.h */; settings = {ATTRIBUTES = (Public, ); }; };
		5CBDE7D919D9E9DB004A4172 /* Cache.swift in Sources */ = {isa = PBXBuildFile; fileRef = 5CBDE7D719D9E9DB004A4172 /* Cache.swift */; };
		5CBDE7DA19D9E9DC004A4172 /* ImageManager.swift in Sources */ = {isa = PBXBuildFile; fileRef = 5CBDE7D819D9E9DB004A4172 /* ImageManager.swift */; };
		5CBDE7DE19D9EA1C004A4172 /* SkeetsTests.swift in Sources */ = {isa = PBXBuildFile; fileRef = 5CBDE7DC19D9EA12004A4172 /* SkeetsTests.swift */; };
		5CBDE7E019D9EC26004A4172 /* Skeets.h in Headers */ = {isa = PBXBuildFile; fileRef = 5CBDE7DF19D9EC26004A4172 /* Skeets.h */; settings = {ATTRIBUTES = (Public, ); }; };
		D9DF28E41B82CDFD00DCE85F /* SKImageView.swift in Sources */ = {isa = PBXBuildFile; fileRef = D9DF28E31B82CDFD00DCE85F /* SKImageView.swift */; };
		D9DF28E51B82CDFD00DCE85F /* SKImageView.swift in Sources */ = {isa = PBXBuildFile; fileRef = D9DF28E31B82CDFD00DCE85F /* SKImageView.swift */; };
/* End PBXBuildFile section */

/* Begin PBXContainerItemProxy section */
		5C68652819F9A880001E3332 /* PBXContainerItemProxy */ = {
			isa = PBXContainerItemProxy;
			containerPortal = 5CBDE7B319D9E90D004A4172 /* Project object */;
			proxyType = 1;
			remoteGlobalIDString = 5C68651B19F9A880001E3332;
			remoteInfo = SkeetsOSX;
		};
/* End PBXContainerItemProxy section */

/* Begin PBXFileReference section */
		5C68651C19F9A880001E3332 /* Skeets.framework */ = {isa = PBXFileReference; explicitFileType = wrapper.framework; includeInIndex = 0; path = Skeets.framework; sourceTree = BUILT_PRODUCTS_DIR; };
		5C68652619F9A880001E3332 /* SkeetsOSXTests.xctest */ = {isa = PBXFileReference; explicitFileType = wrapper.cfbundle; includeInIndex = 0; path = SkeetsOSXTests.xctest; sourceTree = BUILT_PRODUCTS_DIR; };
		5CBDE7BC19D9E90D004A4172 /* Skeets.framework */ = {isa = PBXFileReference; explicitFileType = wrapper.framework; includeInIndex = 0; path = Skeets.framework; sourceTree = BUILT_PRODUCTS_DIR; };
		5CBDE7C019D9E90D004A4172 /* Info.plist */ = {isa = PBXFileReference; lastKnownFileType = text.plist.xml; path = Info.plist; sourceTree = "<group>"; };
		5CBDE7C719D9E90D004A4172 /* SkeetsTests.xctest */ = {isa = PBXFileReference; explicitFileType = wrapper.cfbundle; includeInIndex = 0; path = SkeetsTests.xctest; sourceTree = BUILT_PRODUCTS_DIR; };
		5CBDE7CA19D9E90D004A4172 /* Info.plist */ = {isa = PBXFileReference; lastKnownFileType = text.plist.xml; path = Info.plist; sourceTree = "<group>"; };
		5CBDE7D719D9E9DB004A4172 /* Cache.swift */ = {isa = PBXFileReference; fileEncoding = 4; lastKnownFileType = sourcecode.swift; path = Cache.swift; sourceTree = SOURCE_ROOT; };
		5CBDE7D819D9E9DB004A4172 /* ImageManager.swift */ = {isa = PBXFileReference; fileEncoding = 4; lastKnownFileType = sourcecode.swift; path = ImageManager.swift; sourceTree = SOURCE_ROOT; };
		5CBDE7DC19D9EA12004A4172 /* SkeetsTests.swift */ = {isa = PBXFileReference; fileEncoding = 4; lastKnownFileType = sourcecode.swift; name = SkeetsTests.swift; path = Tests/SkeetsTests.swift; sourceTree = SOURCE_ROOT; };
		5CBDE7DF19D9EC26004A4172 /* Skeets.h */ = {isa = PBXFileReference; fileEncoding = 4; lastKnownFileType = sourcecode.c.h; path = Skeets.h; sourceTree = SOURCE_ROOT; };
		D9DF28E31B82CDFD00DCE85F /* SKImageView.swift */ = {isa = PBXFileReference; fileEncoding = 4; lastKnownFileType = sourcecode.swift; path = SKImageView.swift; sourceTree = SOURCE_ROOT; };
/* End PBXFileReference section */

/* Begin PBXFrameworksBuildPhase section */
		5C68651819F9A880001E3332 /* Frameworks */ = {
			isa = PBXFrameworksBuildPhase;
			buildActionMask = 2147483647;
			files = (
			);
			runOnlyForDeploymentPostprocessing = 0;
		};
		5C68652319F9A880001E3332 /* Frameworks */ = {
			isa = PBXFrameworksBuildPhase;
			buildActionMask = 2147483647;
			files = (
				5C68652719F9A880001E3332 /* Skeets.framework in Frameworks */,
			);
			runOnlyForDeploymentPostprocessing = 0;
		};
		5CBDE7B819D9E90D004A4172 /* Frameworks */ = {
			isa = PBXFrameworksBuildPhase;
			buildActionMask = 2147483647;
			files = (
			);
			runOnlyForDeploymentPostprocessing = 0;
		};
		5CBDE7C419D9E90D004A4172 /* Frameworks */ = {
			isa = PBXFrameworksBuildPhase;
			buildActionMask = 2147483647;
			files = (
			);
			runOnlyForDeploymentPostprocessing = 0;
		};
/* End PBXFrameworksBuildPhase section */

/* Begin PBXGroup section */
		5CBDE7B219D9E90D004A4172 = {
			isa = PBXGroup;
			children = (
				5CBDE7BE19D9E90D004A4172 /* Skeets */,
				5CBDE7C819D9E90D004A4172 /* SkeetsTests */,
				5CBDE7BD19D9E90D004A4172 /* Products */,
			);
			sourceTree = "<group>";
		};
		5CBDE7BD19D9E90D004A4172 /* Products */ = {
			isa = PBXGroup;
			children = (
				5CBDE7BC19D9E90D004A4172 /* Skeets.framework */,
				5CBDE7C719D9E90D004A4172 /* SkeetsTests.xctest */,
				5C68651C19F9A880001E3332 /* Skeets.framework */,
				5C68652619F9A880001E3332 /* SkeetsOSXTests.xctest */,
			);
			name = Products;
			sourceTree = "<group>";
		};
		5CBDE7BE19D9E90D004A4172 /* Skeets */ = {
			isa = PBXGroup;
			children = (
				5CBDE7DF19D9EC26004A4172 /* Skeets.h */,
				5CBDE7D719D9E9DB004A4172 /* Cache.swift */,
				5CBDE7D819D9E9DB004A4172 /* ImageManager.swift */,
				D9DF28E31B82CDFD00DCE85F /* SKImageView.swift */,
				5CBDE7BF19D9E90D004A4172 /* Supporting Files */,
			);
			path = Skeets;
			sourceTree = "<group>";
		};
		5CBDE7BF19D9E90D004A4172 /* Supporting Files */ = {
			isa = PBXGroup;
			children = (
				5CBDE7C019D9E90D004A4172 /* Info.plist */,
			);
			name = "Supporting Files";
			sourceTree = "<group>";
		};
		5CBDE7C819D9E90D004A4172 /* SkeetsTests */ = {
			isa = PBXGroup;
			children = (
				5CBDE7DC19D9EA12004A4172 /* SkeetsTests.swift */,
				5CBDE7C919D9E90D004A4172 /* Supporting Files */,
			);
			path = SkeetsTests;
			sourceTree = "<group>";
		};
		5CBDE7C919D9E90D004A4172 /* Supporting Files */ = {
			isa = PBXGroup;
			children = (
				5CBDE7CA19D9E90D004A4172 /* Info.plist */,
			);
			name = "Supporting Files";
			sourceTree = "<group>";
		};
/* End PBXGroup section */

/* Begin PBXHeadersBuildPhase section */
		5C68651919F9A880001E3332 /* Headers */ = {
			isa = PBXHeadersBuildPhase;
			buildActionMask = 2147483647;
			files = (
				5C68653819F9A8FA001E3332 /* Skeets.h in Headers */,
			);
			runOnlyForDeploymentPostprocessing = 0;
		};
		5CBDE7B919D9E90D004A4172 /* Headers */ = {
			isa = PBXHeadersBuildPhase;
			buildActionMask = 2147483647;
			files = (
				5CBDE7E019D9EC26004A4172 /* Skeets.h in Headers */,
			);
			runOnlyForDeploymentPostprocessing = 0;
		};
/* End PBXHeadersBuildPhase section */

/* Begin PBXNativeTarget section */
		5C68651B19F9A880001E3332 /* SkeetsOSX */ = {
			isa = PBXNativeTarget;
			buildConfigurationList = 5C68652F19F9A880001E3332 /* Build configuration list for PBXNativeTarget "SkeetsOSX" */;
			buildPhases = (
				5C68651719F9A880001E3332 /* Sources */,
				5C68651819F9A880001E3332 /* Frameworks */,
				5C68651919F9A880001E3332 /* Headers */,
				5C68651A19F9A880001E3332 /* Resources */,
			);
			buildRules = (
			);
			dependencies = (
			);
			name = SkeetsOSX;
			productName = SkeetsOSX;
			productReference = 5C68651C19F9A880001E3332 /* Skeets.framework */;
			productType = "com.apple.product-type.framework";
		};
		5C68652519F9A880001E3332 /* SkeetsOSXTests */ = {
			isa = PBXNativeTarget;
			buildConfigurationList = 5C68653219F9A880001E3332 /* Build configuration list for PBXNativeTarget "SkeetsOSXTests" */;
			buildPhases = (
				5C68652219F9A880001E3332 /* Sources */,
				5C68652319F9A880001E3332 /* Frameworks */,
				5C68652419F9A880001E3332 /* Resources */,
			);
			buildRules = (
			);
			dependencies = (
				5C68652919F9A880001E3332 /* PBXTargetDependency */,
			);
			name = SkeetsOSXTests;
			productName = SkeetsOSXTests;
			productReference = 5C68652619F9A880001E3332 /* SkeetsOSXTests.xctest */;
			productType = "com.apple.product-type.bundle.unit-test";
		};
		5CBDE7BB19D9E90D004A4172 /* Skeets */ = {
			isa = PBXNativeTarget;
			buildConfigurationList = 5CBDE7CF19D9E90D004A4172 /* Build configuration list for PBXNativeTarget "Skeets" */;
			buildPhases = (
				5CBDE7B719D9E90D004A4172 /* Sources */,
				5CBDE7B819D9E90D004A4172 /* Frameworks */,
				5CBDE7B919D9E90D004A4172 /* Headers */,
				5CBDE7BA19D9E90D004A4172 /* Resources */,
			);
			buildRules = (
			);
			dependencies = (
			);
			name = Skeets;
			productName = Skeets;
			productReference = 5CBDE7BC19D9E90D004A4172 /* Skeets.framework */;
			productType = "com.apple.product-type.framework";
		};
		5CBDE7C619D9E90D004A4172 /* SkeetsTests */ = {
			isa = PBXNativeTarget;
			buildConfigurationList = 5CBDE7D219D9E90D004A4172 /* Build configuration list for PBXNativeTarget "SkeetsTests" */;
			buildPhases = (
				5CBDE7C319D9E90D004A4172 /* Sources */,
				5CBDE7C419D9E90D004A4172 /* Frameworks */,
				5CBDE7C519D9E90D004A4172 /* Resources */,
			);
			buildRules = (
			);
			dependencies = (
			);
			name = SkeetsTests;
			productName = SkeetsTests;
			productReference = 5CBDE7C719D9E90D004A4172 /* SkeetsTests.xctest */;
			productType = "com.apple.product-type.bundle.unit-test";
		};
/* End PBXNativeTarget section */

/* Begin PBXProject section */
		5CBDE7B319D9E90D004A4172 /* Project object */ = {
			isa = PBXProject;
			attributes = {
				LastSwiftMigration = 0700;
				LastSwiftUpdateCheck = 0700;
				LastUpgradeCheck = 0600;
				ORGANIZATIONNAME = vluxe;
				TargetAttributes = {
					5C68651B19F9A880001E3332 = {
						CreatedOnToolsVersion = 6.1;
					};
					5C68652519F9A880001E3332 = {
						CreatedOnToolsVersion = 6.1;
					};
					5CBDE7BB19D9E90D004A4172 = {
						CreatedOnToolsVersion = 6.0.1;
					};
					5CBDE7C619D9E90D004A4172 = {
						CreatedOnToolsVersion = 6.0.1;
					};
				};
			};
			buildConfigurationList = 5CBDE7B619D9E90D004A4172 /* Build configuration list for PBXProject "Skeets" */;
			compatibilityVersion = "Xcode 3.2";
			developmentRegion = English;
			hasScannedForEncodings = 0;
			knownRegions = (
				en,
			);
			mainGroup = 5CBDE7B219D9E90D004A4172;
			productRefGroup = 5CBDE7BD19D9E90D004A4172 /* Products */;
			projectDirPath = "";
			projectRoot = "";
			targets = (
				5CBDE7BB19D9E90D004A4172 /* Skeets */,
				5CBDE7C619D9E90D004A4172 /* SkeetsTests */,
				5C68651B19F9A880001E3332 /* SkeetsOSX */,
				5C68652519F9A880001E3332 /* SkeetsOSXTests */,
			);
		};
/* End PBXProject section */

/* Begin PBXResourcesBuildPhase section */
		5C68651A19F9A880001E3332 /* Resources */ = {
			isa = PBXResourcesBuildPhase;
			buildActionMask = 2147483647;
			files = (
			);
			runOnlyForDeploymentPostprocessing = 0;
		};
		5C68652419F9A880001E3332 /* Resources */ = {
			isa = PBXResourcesBuildPhase;
			buildActionMask = 2147483647;
			files = (
			);
			runOnlyForDeploymentPostprocessing = 0;
		};
		5CBDE7BA19D9E90D004A4172 /* Resources */ = {
			isa = PBXResourcesBuildPhase;
			buildActionMask = 2147483647;
			files = (
			);
			runOnlyForDeploymentPostprocessing = 0;
		};
		5CBDE7C519D9E90D004A4172 /* Resources */ = {
			isa = PBXResourcesBuildPhase;
			buildActionMask = 2147483647;
			files = (
			);
			runOnlyForDeploymentPostprocessing = 0;
		};
/* End PBXResourcesBuildPhase section */

/* Begin PBXSourcesBuildPhase section */
		5C68651719F9A880001E3332 /* Sources */ = {
			isa = PBXSourcesBuildPhase;
			buildActionMask = 2147483647;
			files = (
				5C68653619F9A8F5001E3332 /* Cache.swift in Sources */,
				D9DF28E51B82CDFD00DCE85F /* SKImageView.swift in Sources */,
				5C68653719F9A8F5001E3332 /* ImageManager.swift in Sources */,
			);
			runOnlyForDeploymentPostprocessing = 0;
		};
		5C68652219F9A880001E3332 /* Sources */ = {
			isa = PBXSourcesBuildPhase;
			buildActionMask = 2147483647;
			files = (
				5C68653519F9A8ED001E3332 /* SkeetsTests.swift in Sources */,
			);
			runOnlyForDeploymentPostprocessing = 0;
		};
		5CBDE7B719D9E90D004A4172 /* Sources */ = {
			isa = PBXSourcesBuildPhase;
			buildActionMask = 2147483647;
			files = (
				5CBDE7D919D9E9DB004A4172 /* Cache.swift in Sources */,
				D9DF28E41B82CDFD00DCE85F /* SKImageView.swift in Sources */,
				5CBDE7DA19D9E9DC004A4172 /* ImageManager.swift in Sources */,
			);
			runOnlyForDeploymentPostprocessing = 0;
		};
		5CBDE7C319D9E90D004A4172 /* Sources */ = {
			isa = PBXSourcesBuildPhase;
			buildActionMask = 2147483647;
			files = (
				5CBDE7DE19D9EA1C004A4172 /* SkeetsTests.swift in Sources */,
			);
			runOnlyForDeploymentPostprocessing = 0;
		};
/* End PBXSourcesBuildPhase section */

/* Begin PBXTargetDependency section */
		5C68652919F9A880001E3332 /* PBXTargetDependency */ = {
			isa = PBXTargetDependency;
			target = 5C68651B19F9A880001E3332 /* SkeetsOSX */;
			targetProxy = 5C68652819F9A880001E3332 /* PBXContainerItemProxy */;
		};
/* End PBXTargetDependency section */

/* Begin XCBuildConfiguration section */
		5C68653019F9A880001E3332 /* Debug */ = {
			isa = XCBuildConfiguration;
			buildSettings = {
				COMBINE_HIDPI_IMAGES = YES;
				DEFINES_MODULE = YES;
				DYLIB_COMPATIBILITY_VERSION = 1;
				DYLIB_CURRENT_VERSION = 1;
				DYLIB_INSTALL_NAME_BASE = "@rpath";
				FRAMEWORK_SEARCH_PATHS = "$(inherited)";
				FRAMEWORK_VERSION = A;
				GCC_PREPROCESSOR_DEFINITIONS = (
					"DEBUG=1",
					"$(inherited)",
				);
				INFOPLIST_FILE = "$(SRCROOT)/Info.plist";
				INSTALL_PATH = "$(LOCAL_LIBRARY_DIR)/Frameworks";
				LD_RUNPATH_SEARCH_PATHS = "$(inherited) @executable_path/../Frameworks @loader_path/Frameworks";
				MACOSX_DEPLOYMENT_TARGET = 10.10;
				PRODUCT_NAME = Skeets;
				SDKROOT = macosx;
				SKIP_INSTALL = YES;
			};
			name = Debug;
		};
		5C68653119F9A880001E3332 /* Release */ = {
			isa = XCBuildConfiguration;
			buildSettings = {
				COMBINE_HIDPI_IMAGES = YES;
				DEBUG_INFORMATION_FORMAT = "dwarf-with-dsym";
				DEFINES_MODULE = YES;
				DYLIB_COMPATIBILITY_VERSION = 1;
				DYLIB_CURRENT_VERSION = 1;
				DYLIB_INSTALL_NAME_BASE = "@rpath";
				FRAMEWORK_SEARCH_PATHS = "$(inherited)";
				FRAMEWORK_VERSION = A;
				INFOPLIST_FILE = "$(SRCROOT)/Info.plist";
				INSTALL_PATH = "$(LOCAL_LIBRARY_DIR)/Frameworks";
				LD_RUNPATH_SEARCH_PATHS = "$(inherited) @executable_path/../Frameworks @loader_path/Frameworks";
				MACOSX_DEPLOYMENT_TARGET = 10.10;
				PRODUCT_NAME = Skeets;
				SDKROOT = macosx;
				SKIP_INSTALL = YES;
			};
			name = Release;
		};
		5C68653319F9A880001E3332 /* Debug */ = {
			isa = XCBuildConfiguration;
			buildSettings = {
				COMBINE_HIDPI_IMAGES = YES;
				FRAMEWORK_SEARCH_PATHS = (
					"$(DEVELOPER_FRAMEWORKS_DIR)",
					"$(inherited)",
				);
				GCC_PREPROCESSOR_DEFINITIONS = (
					"DEBUG=1",
					"$(inherited)",
				);
				INFOPLIST_FILE = Tests/Info.plist;
				LD_RUNPATH_SEARCH_PATHS = "$(inherited) @executable_path/../Frameworks @loader_path/../Frameworks";
				MACOSX_DEPLOYMENT_TARGET = 10.10;
				PRODUCT_NAME = "$(TARGET_NAME)";
				SDKROOT = macosx;
			};
			name = Debug;
		};
		5C68653419F9A880001E3332 /* Release */ = {
			isa = XCBuildConfiguration;
			buildSettings = {
				COMBINE_HIDPI_IMAGES = YES;
				DEBUG_INFORMATION_FORMAT = "dwarf-with-dsym";
				FRAMEWORK_SEARCH_PATHS = (
					"$(DEVELOPER_FRAMEWORKS_DIR)",
					"$(inherited)",
				);
				INFOPLIST_FILE = Tests/Info.plist;
				LD_RUNPATH_SEARCH_PATHS = "$(inherited) @executable_path/../Frameworks @loader_path/../Frameworks";
				MACOSX_DEPLOYMENT_TARGET = 10.10;
				PRODUCT_NAME = "$(TARGET_NAME)";
				SDKROOT = macosx;
			};
			name = Release;
		};
		5CBDE7CD19D9E90D004A4172 /* Debug */ = {
			isa = XCBuildConfiguration;
			buildSettings = {
				ALWAYS_SEARCH_USER_PATHS = NO;
				CLANG_CXX_LANGUAGE_STANDARD = "gnu++0x";
				CLANG_CXX_LIBRARY = "libc++";
				CLANG_ENABLE_MODULES = YES;
				CLANG_ENABLE_OBJC_ARC = YES;
				CLANG_WARN_BOOL_CONVERSION = YES;
				CLANG_WARN_CONSTANT_CONVERSION = YES;
				CLANG_WARN_DIRECT_OBJC_ISA_USAGE = YES_ERROR;
				CLANG_WARN_EMPTY_BODY = YES;
				CLANG_WARN_ENUM_CONVERSION = YES;
				CLANG_WARN_INT_CONVERSION = YES;
				CLANG_WARN_OBJC_ROOT_CLASS = YES_ERROR;
				CLANG_WARN_UNREACHABLE_CODE = YES;
				CLANG_WARN__DUPLICATE_METHOD_MATCH = YES;
				"CODE_SIGN_IDENTITY[sdk=iphoneos*]" = "iPhone Developer";
				COPY_PHASE_STRIP = NO;
				CURRENT_PROJECT_VERSION = 1;
				ENABLE_STRICT_OBJC_MSGSEND = YES;
				GCC_C_LANGUAGE_STANDARD = gnu99;
				GCC_DYNAMIC_NO_PIC = NO;
				GCC_OPTIMIZATION_LEVEL = 0;
				GCC_PREPROCESSOR_DEFINITIONS = (
					"DEBUG=1",
					"$(inherited)",
				);
				GCC_SYMBOLS_PRIVATE_EXTERN = NO;
				GCC_WARN_64_TO_32_BIT_CONVERSION = YES;
				GCC_WARN_ABOUT_RETURN_TYPE = YES_ERROR;
				GCC_WARN_UNDECLARED_SELECTOR = YES;
				GCC_WARN_UNINITIALIZED_AUTOS = YES_AGGRESSIVE;
				GCC_WARN_UNUSED_FUNCTION = YES;
				GCC_WARN_UNUSED_VARIABLE = YES;
				IPHONEOS_DEPLOYMENT_TARGET = 8.0;
				MTL_ENABLE_DEBUG_INFO = YES;
				ONLY_ACTIVE_ARCH = YES;
				SDKROOT = iphoneos;
				SWIFT_OPTIMIZATION_LEVEL = "-Onone";
				TARGETED_DEVICE_FAMILY = "1,2";
				VERSIONING_SYSTEM = "apple-generic";
				VERSION_INFO_PREFIX = "";
			};
			name = Debug;
		};
		5CBDE7CE19D9E90D004A4172 /* Release */ = {
			isa = XCBuildConfiguration;
			buildSettings = {
				ALWAYS_SEARCH_USER_PATHS = NO;
				CLANG_CXX_LANGUAGE_STANDARD = "gnu++0x";
				CLANG_CXX_LIBRARY = "libc++";
				CLANG_ENABLE_MODULES = YES;
				CLANG_ENABLE_OBJC_ARC = YES;
				CLANG_WARN_BOOL_CONVERSION = YES;
				CLANG_WARN_CONSTANT_CONVERSION = YES;
				CLANG_WARN_DIRECT_OBJC_ISA_USAGE = YES_ERROR;
				CLANG_WARN_EMPTY_BODY = YES;
				CLANG_WARN_ENUM_CONVERSION = YES;
				CLANG_WARN_INT_CONVERSION = YES;
				CLANG_WARN_OBJC_ROOT_CLASS = YES_ERROR;
				CLANG_WARN_UNREACHABLE_CODE = YES;
				CLANG_WARN__DUPLICATE_METHOD_MATCH = YES;
				"CODE_SIGN_IDENTITY[sdk=iphoneos*]" = "iPhone Developer";
				COPY_PHASE_STRIP = YES;
				CURRENT_PROJECT_VERSION = 1;
				ENABLE_NS_ASSERTIONS = NO;
				ENABLE_STRICT_OBJC_MSGSEND = YES;
				GCC_C_LANGUAGE_STANDARD = gnu99;
				GCC_WARN_64_TO_32_BIT_CONVERSION = YES;
				GCC_WARN_ABOUT_RETURN_TYPE = YES_ERROR;
				GCC_WARN_UNDECLARED_SELECTOR = YES;
				GCC_WARN_UNINITIALIZED_AUTOS = YES_AGGRESSIVE;
				GCC_WARN_UNUSED_FUNCTION = YES;
				GCC_WARN_UNUSED_VARIABLE = YES;
				IPHONEOS_DEPLOYMENT_TARGET = 8.0;
				MTL_ENABLE_DEBUG_INFO = NO;
				SDKROOT = iphoneos;
				TARGETED_DEVICE_FAMILY = "1,2";
				VALIDATE_PRODUCT = YES;
				VERSIONING_SYSTEM = "apple-generic";
				VERSION_INFO_PREFIX = "";
			};
			name = Release;
		};
		5CBDE7D019D9E90D004A4172 /* Debug */ = {
			isa = XCBuildConfiguration;
			buildSettings = {
				ALWAYS_SEARCH_USER_PATHS = NO;
				CLANG_ENABLE_MODULES = YES;
				DEFINES_MODULE = YES;
				DYLIB_COMPATIBILITY_VERSION = 1;
				DYLIB_CURRENT_VERSION = 1;
				DYLIB_INSTALL_NAME_BASE = "@rpath";
				FRAMEWORK_SEARCH_PATHS = "$(inherited)";
				INFOPLIST_FILE = "$(SRCROOT)/Info.plist";
				INSTALL_PATH = "$(LOCAL_LIBRARY_DIR)/Frameworks";
				IPHONEOS_DEPLOYMENT_TARGET = 8.0;
				LD_RUNPATH_SEARCH_PATHS = "$(inherited) @executable_path/Frameworks @loader_path/Frameworks";
				OTHER_LDFLAGS = "";
				PRODUCT_NAME = "$(TARGET_NAME)";
				SKIP_INSTALL = YES;
				SWIFT_OPTIMIZATION_LEVEL = "-Onone";
			};
			name = Debug;
		};
		5CBDE7D119D9E90D004A4172 /* Release */ = {
			isa = XCBuildConfiguration;
			buildSettings = {
				ALWAYS_SEARCH_USER_PATHS = NO;
				CLANG_ENABLE_MODULES = YES;
				DEFINES_MODULE = YES;
				DYLIB_COMPATIBILITY_VERSION = 1;
				DYLIB_CURRENT_VERSION = 1;
				DYLIB_INSTALL_NAME_BASE = "@rpath";
				FRAMEWORK_SEARCH_PATHS = "$(inherited)";
				INFOPLIST_FILE = "$(SRCROOT)/Info.plist";
				INSTALL_PATH = "$(LOCAL_LIBRARY_DIR)/Frameworks";
				IPHONEOS_DEPLOYMENT_TARGET = 8.0;
				LD_RUNPATH_SEARCH_PATHS = "$(inherited) @executable_path/Frameworks @loader_path/Frameworks";
				OTHER_LDFLAGS = "";
				PRODUCT_NAME = "$(TARGET_NAME)";
				SKIP_INSTALL = YES;
			};
			name = Release;
		};
		5CBDE7D319D9E90D004A4172 /* Debug */ = {
			isa = XCBuildConfiguration;
			buildSettings = {
				FRAMEWORK_SEARCH_PATHS = (
					"$(SDKROOT)/Developer/Library/Frameworks",
					"$(inherited)",
				);
				GCC_PREPROCESSOR_DEFINITIONS = (
					"DEBUG=1",
					"$(inherited)",
				);
				INFOPLIST_FILE = Tests/Info.plist;
				LD_RUNPATH_SEARCH_PATHS = "$(inherited) @executable_path/Frameworks @loader_path/Frameworks";
				PRODUCT_NAME = "$(TARGET_NAME)";
			};
			name = Debug;
		};
		5CBDE7D419D9E90D004A4172 /* Release */ = {
			isa = XCBuildConfiguration;
			buildSettings = {
				FRAMEWORK_SEARCH_PATHS = (
					"$(SDKROOT)/Developer/Library/Frameworks",
					"$(inherited)",
				);
				INFOPLIST_FILE = Tests/Info.plist;
				LD_RUNPATH_SEARCH_PATHS = "$(inherited) @executable_path/Frameworks @loader_path/Frameworks";
				PRODUCT_NAME = "$(TARGET_NAME)";
			};
			name = Release;
		};
/* End XCBuildConfiguration section */

/* Begin XCConfigurationList section */
		5C68652F19F9A880001E3332 /* Build configuration list for PBXNativeTarget "SkeetsOSX" */ = {
			isa = XCConfigurationList;
			buildConfigurations = (
				5C68653019F9A880001E3332 /* Debug */,
				5C68653119F9A880001E3332 /* Release */,
			);
			defaultConfigurationIsVisible = 0;
			defaultConfigurationName = Release;
		};
		5C68653219F9A880001E3332 /* Build configuration list for PBXNativeTarget "SkeetsOSXTests" */ = {
			isa = XCConfigurationList;
			buildConfigurations = (
				5C68653319F9A880001E3332 /* Debug */,
				5C68653419F9A880001E3332 /* Release */,
			);
			defaultConfigurationIsVisible = 0;
			defaultConfigurationName = Release;
		};
		5CBDE7B619D9E90D004A4172 /* Build configuration list for PBXProject "Skeets" */ = {
			isa = XCConfigurationList;
			buildConfigurations = (
				5CBDE7CD19D9E90D004A4172 /* Debug */,
				5CBDE7CE19D9E90D004A4172 /* Release */,
			);
			defaultConfigurationIsVisible = 0;
			defaultConfigurationName = Release;
		};
		5CBDE7CF19D9E90D004A4172 /* Build configuration list for PBXNativeTarget "Skeets" */ = {
			isa = XCConfigurationList;
			buildConfigurations = (
				5CBDE7D019D9E90D004A4172 /* Debug */,
				5CBDE7D119D9E90D004A4172 /* Release */,
			);
			defaultConfigurationIsVisible = 0;
			defaultConfigurationName = Release;
		};
		5CBDE7D219D9E90D004A4172 /* Build configuration list for PBXNativeTarget "SkeetsTests" */ = {
			isa = XCConfigurationList;
			buildConfigurations = (
				5CBDE7D319D9E90D004A4172 /* Debug */,
				5CBDE7D419D9E90D004A4172 /* Release */,
			);
			defaultConfigurationIsVisible = 0;
			defaultConfigurationName = Release;
		};
/* End XCConfigurationList section */
	};
	rootObject = 5CBDE7B319D9E90D004A4172 /* Project object */;
}
